schema: '2.0'
stages:
  preprocess:
    cmd: python src/preprocess.py data/raw.csv data/clean.csv
    deps:
    - path: data/raw.csv
      hash: md5
      md5: 2828ec8708bbc06c1f649ebcc1cdbf57
      size: 546
    - path: src/preprocess.py
      hash: md5
      md5: bb449ae47bc609846d3858a0139fb259
      size: 546
    outs:
    - path: data/clean.csv
      hash: md5
      md5: 0d4fdd5a4daec562dd6663f93fbe072a
      size: 544
  train:
    cmd: python src/train.py data/clean.csv models/model.pkl
    deps:
    - path: data/clean.csv
      hash: md5
      md5: 0d4fdd5a4daec562dd6663f93fbe072a
      size: 544
    - path: src/train.py
      hash: md5
      md5: 1458a280bcf9833bd74367f5e1d2b05c
      size: 522
    outs:
    - path: models/model.pkl
      hash: md5
      md5: 52f1941e4dbc7ff464721d84ae3d811e
      size: 881
  evaluate:
    cmd: python src/evaluate.py data/clean.csv models/model.pkl
    deps:
    - path: data/clean.csv
      hash: md5
      md5: 0d4fdd5a4daec562dd6663f93fbe072a
      size: 544
    - path: models/model.pkl
      hash: md5
      md5: 52f1941e4dbc7ff464721d84ae3d811e
      size: 881
    - path: src/evaluate.py
      hash: md5
      md5: 59f3d05842fb84ff98857efbf9823ce2
      size: 475
